// !$*UTF8*$!
{
	archiveVersion = 1;
	classes = {
	};
	objectVersion = 77;
	objects = {

/* Begin PBXContainerItemProxy section */
		047531A82D2CAA6400F396B1 /* PBXContainerItemProxy */ = {
			isa = PBXContainerItemProxy;
			containerPortal = 0475318F2D2CAA6300F396B1 /* Project object */;
			proxyType = 1;
			remoteGlobalIDString = 047531962D2CAA6300F396B1;
			remoteInfo = MotionSensor;
		};
		047531B22D2CAA6400F396B1 /* PBXContainerItemProxy */ = {
			isa = PBXContainerItemProxy;
			containerPortal = 0475318F2D2CAA6300F396B1 /* Project object */;
			proxyType = 1;
			remoteGlobalIDString = 047531962D2CAA6300F396B1;
			remoteInfo = MotionSensor;
		};
/* End PBXContainerItemProxy section */

/* Begin PBXFileReference section */
		047531972D2CAA6300F396B1 /* MotionSensor.app */ = {isa = PBXFileReference; explicitFileType = wrapper.application; includeInIndex = 0; path = MotionSensor.app; sourceTree = BUILT_PRODUCTS_DIR; };
		047531A72D2CAA6400F396B1 /* MotionSensorTests.xctest */ = {isa = PBXFileReference; explicitFileType = wrapper.cfbundle; includeInIndex = 0; path = MotionSensorTests.xctest; sourceTree = BUILT_PRODUCTS_DIR; };
		047531B12D2CAA6400F396B1 /* MotionSensorUITests.xctest */ = {isa = PBXFileReference; explicitFileType = wrapper.cfbundle; includeInIndex = 0; path = MotionSensorUITests.xctest; sourceTree = BUILT_PRODUCTS_DIR; };
/* End PBXFileReference section */

/* Begin PBXFileSystemSynchronizedRootGroup section */
		047531992D2CAA6300F396B1 /* MotionSensor */ = {
			isa = PBXFileSystemSynchronizedRootGroup;
			path = MotionSensor;
			sourceTree = "<group>";
		};
		047531AA2D2CAA6400F396B1 /* MotionSensorTests */ = {
			isa = PBXFileSystemSynchronizedRootGroup;
			path = MotionSensorTests;
			sourceTree = "<group>";
		};
		047531B42D2CAA6400F396B1 /* MotionSensorUITests */ = {
			isa = PBXFileSystemSynchronizedRootGroup;
			path = MotionSensorUITests;
			sourceTree = "<group>";
		};
/* End PBXFileSystemSynchronizedRootGroup section */

/* Begin PBXFrameworksBuildPhase section */
		047531942D2CAA6300F396B1 /* Frameworks */ = {
			isa = PBXFrameworksBuildPhase;
			buildActionMask = 2147483647;
			files = (
			);
			runOnlyForDeploymentPostprocessing = 0;
		};
		047531A42D2CAA6400F396B1 /* Frameworks */ = {
			isa = PBXFrameworksBuildPhase;
			buildActionMask = 2147483647;
			files = (
			);
			runOnlyForDeploymentPostprocessing = 0;
		};
		047531AE2D2CAA6400F396B1 /* Frameworks */ = {
			isa = PBXFrameworksBuildPhase;
			buildActionMask = 2147483647;
			files = (
			);
			runOnlyForDeploymentPostprocessing = 0;
		};
/* End PBXFrameworksBuildPhase section */

/* Begin PBXGroup section */
		0475318E2D2CAA6300F396B1 = {
			isa = PBXGroup;
			children = (
				047531992D2CAA6300F396B1 /* MotionSensor */,
				047531AA2D2CAA6400F396B1 /* MotionSensorTests */,
				047531B42D2CAA6400F396B1 /* MotionSensorUITests */,
				047531982D2CAA6300F396B1 /* Products */,
			);
			sourceTree = "<group>";
		};
		047531982D2CAA6300F396B1 /* Products */ = {
			isa = PBXGroup;
			children = (
				047531972D2CAA6300F396B1 /* MotionSensor.app */,
				047531A72D2CAA6400F396B1 /* MotionSensorTests.xctest */,
				047531B12D2CAA6400F396B1 /* MotionSensorUITests.xctest */,
			);
			name = Products;
			sourceTree = "<group>";
		};
/* End PBXGroup section */

/* Begin PBXNativeTarget section */
		047531962D2CAA6300F396B1 /* MotionSensor */ = {
			isa = PBXNativeTarget;
			buildConfigurationList = 047531BB2D2CAA6400F396B1 /* Build configuration list for PBXNativeTarget "MotionSensor" */;
			buildPhases = (
				047531932D2CAA6300F396B1 /* Sources */,
				047531942D2CAA6300F396B1 /* Frameworks */,
				047531952D2CAA6300F396B1 /* Resources */,
			);
			buildRules = (
			);
			dependencies = (
			);
			fileSystemSynchronizedGroups = (
				047531992D2CAA6300F396B1 /* MotionSensor */,
			);
			name = MotionSensor;
			packageProductDependencies = (
			);
			productName = MotionSensor;
			productReference = 047531972D2CAA6300F396B1 /* MotionSensor.app */;
			productType = "com.apple.product-type.application";
		};
		047531A62D2CAA6400F396B1 /* MotionSensorTests */ = {
			isa = PBXNativeTarget;
			buildConfigurationList = 047531BE2D2CAA6400F396B1 /* Build configuration list for PBXNativeTarget "MotionSensorTests" */;
			buildPhases = (
				047531A32D2CAA6400F396B1 /* Sources */,
				047531A42D2CAA6400F396B1 /* Frameworks */,
				047531A52D2CAA6400F396B1 /* Resources */,
			);
			buildRules = (
			);
			dependencies = (
				047531A92D2CAA6400F396B1 /* PBXTargetDependency */,
			);
			fileSystemSynchronizedGroups = (
				047531AA2D2CAA6400F396B1 /* MotionSensorTests */,
			);
			name = MotionSensorTests;
			packageProductDependencies = (
			);
			productName = MotionSensorTests;
			productReference = 047531A72D2CAA6400F396B1 /* MotionSensorTests.xctest */;
			productType = "com.apple.product-type.bundle.unit-test";
		};
		047531B02D2CAA6400F396B1 /* MotionSensorUITests */ = {
			isa = PBXNativeTarget;
			buildConfigurationList = 047531C12D2CAA6400F396B1 /* Build configuration list for PBXNativeTarget "MotionSensorUITests" */;
			buildPhases = (
				047531AD2D2CAA6400F396B1 /* Sources */,
				047531AE2D2CAA6400F396B1 /* Frameworks */,
				047531AF2D2CAA6400F396B1 /* Resources */,
			);
			buildRules = (
			);
			dependencies = (
				047531B32D2CAA6400F396B1 /* PBXTargetDependency */,
			);
			fileSystemSynchronizedGroups = (
				047531B42D2CAA6400F396B1 /* MotionSensorUITests */,
			);
			name = MotionSensorUITests;
			packageProductDependencies = (
			);
			productName = MotionSensorUITests;
			productReference = 047531B12D2CAA6400F396B1 /* MotionSensorUITests.xctest */;
			productType = "com.apple.product-type.bundle.ui-testing";
		};
/* End PBXNativeTarget section */

/* Begin PBXProject section */
		0475318F2D2CAA6300F396B1 /* Project object */ = {
			isa = PBXProject;
			attributes = {
				BuildIndependentTargetsInParallel = 1;
				LastSwiftUpdateCheck = 1620;
				LastUpgradeCheck = 1620;
				TargetAttributes = {
					047531962D2CAA6300F396B1 = {
						CreatedOnToolsVersion = 16.2;
					};
					047531A62D2CAA6400F396B1 = {
						CreatedOnToolsVersion = 16.2;
						TestTargetID = 047531962D2CAA6300F396B1;
					};
					047531B02D2CAA6400F396B1 = {
						CreatedOnToolsVersion = 16.2;
						TestTargetID = 047531962D2CAA6300F396B1;
					};
				};
			};
			buildConfigurationList = 047531922D2CAA6300F396B1 /* Build configuration list for PBXProject "MotionSensor" */;
			developmentRegion = en;
			hasScannedForEncodings = 0;
			knownRegions = (
				en,
				Base,
			);
			mainGroup = 0475318E2D2CAA6300F396B1;
			minimizedProjectReferenceProxies = 1;
			preferredProjectObjectVersion = 77;
			productRefGroup = 047531982D2CAA6300F396B1 /* Products */;
			projectDirPath = "";
			projectRoot = "";
			targets = (
				047531962D2CAA6300F396B1 /* MotionSensor */,
				047531A62D2CAA6400F396B1 /* MotionSensorTests */,
				047531B02D2CAA6400F396B1 /* MotionSensorUITests */,
			);
		};
/* End PBXProject section */

/* Begin PBXResourcesBuildPhase section */
		047531952D2CAA6300F396B1 /* Resources */ = {
			isa = PBXResourcesBuildPhase;
			buildActionMask = 2147483647;
			files = (
			);
			runOnlyForDeploymentPostprocessing = 0;
		};
		047531A52D2CAA6400F396B1 /* Resources */ = {
			isa = PBXResourcesBuildPhase;
			buildActionMask = 2147483647;
			files = (
			);
			runOnlyForDeploymentPostprocessing = 0;
		};
		047531AF2D2CAA6400F396B1 /* Resources */ = {
			isa = PBXResourcesBuildPhase;
			buildActionMask = 2147483647;
			files = (
			);
			runOnlyForDeploymentPostprocessing = 0;
		};
/* End PBXResourcesBuildPhase section */

/* Begin PBXSourcesBuildPhase section */
		047531932D2CAA6300F396B1 /* Sources */ = {
			isa = PBXSourcesBuildPhase;
			buildActionMask = 2147483647;
			files = (
			);
			runOnlyForDeploymentPostprocessing = 0;
		};
		047531A32D2CAA6400F396B1 /* Sources */ = {
			isa = PBXSourcesBuildPhase;
			buildActionMask = 2147483647;
			files = (
			);
			runOnlyForDeploymentPostprocessing = 0;
		};
		047531AD2D2CAA6400F396B1 /* Sources */ = {
			isa = PBXSourcesBuildPhase;
			buildActionMask = 2147483647;
			files = (
			);
			runOnlyForDeploymentPostprocessing = 0;
		};
/* End PBXSourcesBuildPhase section */

/* Begin PBXTargetDependency section */
		047531A92D2CAA6400F396B1 /* PBXTargetDependency */ = {
			isa = PBXTargetDependency;
			target = 047531962D2CAA6300F396B1 /* MotionSensor */;
			targetProxy = 047531A82D2CAA6400F396B1 /* PBXContainerItemProxy */;
		};
		047531B32D2CAA6400F396B1 /* PBXTargetDependency */ = {
			isa = PBXTargetDependency;
			target = 047531962D2CAA6300F396B1 /* MotionSensor */;
			targetProxy = 047531B22D2CAA6400F396B1 /* PBXContainerItemProxy */;
		};
/* End PBXTargetDependency section */

/* Begin XCBuildConfiguration section */
		047531B92D2CAA6400F396B1 /* Debug */ = {
			isa = XCBuildConfiguration;
			buildSettings = {
				ALWAYS_SEARCH_USER_PATHS = NO;
				ASSETCATALOG_COMPILER_GENERATE_SWIFT_ASSET_SYMBOL_EXTENSIONS = YES;
				CLANG_ANALYZER_NONNULL = YES;
				CLANG_ANALYZER_NUMBER_OBJECT_CONVERSION = YES_AGGRESSIVE;
				CLANG_CXX_LANGUAGE_STANDARD = "gnu++20";
				CLANG_ENABLE_MODULES = YES;
				CLANG_ENABLE_OBJC_ARC = YES;
				CLANG_ENABLE_OBJC_WEAK = YES;
				CLANG_WARN_BLOCK_CAPTURE_AUTORELEASING = YES;
				CLANG_WARN_BOOL_CONVERSION = YES;
				CLANG_WARN_COMMA = YES;
				CLANG_WARN_CONSTANT_CONVERSION = YES;
				CLANG_WARN_DEPRECATED_OBJC_IMPLEMENTATIONS = YES;
				CLANG_WARN_DIRECT_OBJC_ISA_USAGE = YES_ERROR;
				CLANG_WARN_DOCUMENTATION_COMMENTS = YES;
				CLANG_WARN_EMPTY_BODY = YES;
				CLANG_WARN_ENUM_CONVERSION = YES;
				CLANG_WARN_INFINITE_RECURSION = YES;
				CLANG_WARN_INT_CONVERSION = YES;
				CLANG_WARN_NON_LITERAL_NULL_CONVERSION = YES;
				CLANG_WARN_OBJC_IMPLICIT_RETAIN_SELF = YES;
				CLANG_WARN_OBJC_LITERAL_CONVERSION = YES;
				CLANG_WARN_OBJC_ROOT_CLASS = YES_ERROR;
				CLANG_WARN_QUOTED_INCLUDE_IN_FRAMEWORK_HEADER = YES;
				CLANG_WARN_RANGE_LOOP_ANALYSIS = YES;
				CLANG_WARN_STRICT_PROTOTYPES = YES;
				CLANG_WARN_SUSPICIOUS_MOVE = YES;
				CLANG_WARN_UNGUARDED_AVAILABILITY = YES_AGGRESSIVE;
				CLANG_WARN_UNREACHABLE_CODE = YES;
				CLANG_WARN__DUPLICATE_METHOD_MATCH = YES;
				COPY_PHASE_STRIP = NO;
				DEBUG_INFORMATION_FORMAT = dwarf;
				ENABLE_STRICT_OBJC_MSGSEND = YES;
				ENABLE_TESTABILITY = YES;
				ENABLE_USER_SCRIPT_SANDBOXING = YES;
				GCC_C_LANGUAGE_STANDARD = gnu17;
				GCC_DYNAMIC_NO_PIC = NO;
				GCC_NO_COMMON_BLOCKS = YES;
				GCC_OPTIMIZATION_LEVEL = 0;
				GCC_PREPROCESSOR_DEFINITIONS = (
					"DEBUG=1",
					"$(inherited)",
				);
				GCC_WARN_64_TO_32_BIT_CONVERSION = YES;
				GCC_WARN_ABOUT_RETURN_TYPE = YES_ERROR;
				GCC_WARN_UNDECLARED_SELECTOR = YES;
				GCC_WARN_UNINITIALIZED_AUTOS = YES_AGGRESSIVE;
				GCC_WARN_UNUSED_FUNCTION = YES;
				GCC_WARN_UNUSED_VARIABLE = YES;
				IPHONEOS_DEPLOYMENT_TARGET = 18.2;
				LOCALIZATION_PREFERS_STRING_CATALOGS = YES;
				MTL_ENABLE_DEBUG_INFO = INCLUDE_SOURCE;
				MTL_FAST_MATH = YES;
				ONLY_ACTIVE_ARCH = YES;
				SDKROOT = iphoneos;
				SWIFT_ACTIVE_COMPILATION_CONDITIONS = "DEBUG $(inherited)";
				SWIFT_OPTIMIZATION_LEVEL = "-Onone";
			};
			name = Debug;
		};
		047531BA2D2CAA6400F396B1 /* Release */ = {
			isa = XCBuildConfiguration;
			buildSettings = {
				ALWAYS_SEARCH_USER_PATHS = NO;
				ASSETCATALOG_COMPILER_GENERATE_SWIFT_ASSET_SYMBOL_EXTENSIONS = YES;
				CLANG_ANALYZER_NONNULL = YES;
				CLANG_ANALYZER_NUMBER_OBJECT_CONVERSION = YES_AGGRESSIVE;
				CLANG_CXX_LANGUAGE_STANDARD = "gnu++20";
				CLANG_ENABLE_MODULES = YES;
				CLANG_ENABLE_OBJC_ARC = YES;
				CLANG_ENABLE_OBJC_WEAK = YES;
				CLANG_WARN_BLOCK_CAPTURE_AUTORELEASING = YES;
				CLANG_WARN_BOOL_CONVERSION = YES;
				CLANG_WARN_COMMA = YES;
				CLANG_WARN_CONSTANT_CONVERSION = YES;
				CLANG_WARN_DEPRECATED_OBJC_IMPLEMENTATIONS = YES;
				CLANG_WARN_DIRECT_OBJC_ISA_USAGE = YES_ERROR;
				CLANG_WARN_DOCUMENTATION_COMMENTS = YES;
				CLANG_WARN_EMPTY_BODY = YES;
				CLANG_WARN_ENUM_CONVERSION = YES;
				CLANG_WARN_INFINITE_RECURSION = YES;
				CLANG_WARN_INT_CONVERSION = YES;
				CLANG_WARN_NON_LITERAL_NULL_CONVERSION = YES;
				CLANG_WARN_OBJC_IMPLICIT_RETAIN_SELF = YES;
				CLANG_WARN_OBJC_LITERAL_CONVERSION = YES;
				CLANG_WARN_OBJC_ROOT_CLASS = YES_ERROR;
				CLANG_WARN_QUOTED_INCLUDE_IN_FRAMEWORK_HEADER = YES;
				CLANG_WARN_RANGE_LOOP_ANALYSIS = YES;
				CLANG_WARN_STRICT_PROTOTYPES = YES;
				CLANG_WARN_SUSPICIOUS_MOVE = YES;
				CLANG_WARN_UNGUARDED_AVAILABILITY = YES_AGGRESSIVE;
				CLANG_WARN_UNREACHABLE_CODE = YES;
				CLANG_WARN__DUPLICATE_METHOD_MATCH = YES;
				COPY_PHASE_STRIP = NO;
				DEBUG_INFORMATION_FORMAT = "dwarf-with-dsym";
				ENABLE_NS_ASSERTIONS = NO;
				ENABLE_STRICT_OBJC_MSGSEND = YES;
				ENABLE_USER_SCRIPT_SANDBOXING = YES;
				GCC_C_LANGUAGE_STANDARD = gnu17;
				GCC_NO_COMMON_BLOCKS = YES;
				GCC_WARN_64_TO_32_BIT_CONVERSION = YES;
				GCC_WARN_ABOUT_RETURN_TYPE = YES_ERROR;
				GCC_WARN_UNDECLARED_SELECTOR = YES;
				GCC_WARN_UNINITIALIZED_AUTOS = YES_AGGRESSIVE;
				GCC_WARN_UNUSED_FUNCTION = YES;
				GCC_WARN_UNUSED_VARIABLE = YES;
				IPHONEOS_DEPLOYMENT_TARGET = 18.2;
				LOCALIZATION_PREFERS_STRING_CATALOGS = YES;
				MTL_ENABLE_DEBUG_INFO = NO;
				MTL_FAST_MATH = YES;
				SDKROOT = iphoneos;
				SWIFT_COMPILATION_MODE = wholemodule;
				VALIDATE_PRODUCT = YES;
			};
			name = Release;
		};
		047531BC2D2CAA6400F396B1 /* Debug */ = {
			isa = XCBuildConfiguration;
			buildSettings = {
				ASSETCATALOG_COMPILER_APPICON_NAME = AppIcon;
				ASSETCATALOG_COMPILER_GLOBAL_ACCENT_COLOR_NAME = AccentColor;
				CODE_SIGN_STYLE = Automatic;
				CURRENT_PROJECT_VERSION = 1;
				DEVELOPMENT_ASSET_PATHS = "\"MotionSensor/Preview Content\"";
				DEVELOPMENT_TEAM = B24U63J96U;
				ENABLE_PREVIEWS = YES;
				GENERATE_INFOPLIST_FILE = YES;
				INFOPLIST_KEY_UIApplicationSceneManifest_Generation = YES;
				INFOPLIST_KEY_UIApplicationSupportsIndirectInputEvents = YES;
				INFOPLIST_KEY_UILaunchScreen_Generation = YES;
				INFOPLIST_KEY_UISupportedInterfaceOrientations_iPad = "UIInterfaceOrientationPortrait UIInterfaceOrientationPortraitUpsideDown UIInterfaceOrientationLandscapeLeft UIInterfaceOrientationLandscapeRight";
				INFOPLIST_KEY_UISupportedInterfaceOrientations_iPhone = "UIInterfaceOrientationPortrait UIInterfaceOrientationLandscapeLeft UIInterfaceOrientationLandscapeRight";
				LD_RUNPATH_SEARCH_PATHS = (
					"$(inherited)",
					"@executable_path/Frameworks",
				);
				MARKETING_VERSION = 1.0;
				PRODUCT_BUNDLE_IDENTIFIER = tech.laughterconsulting.MotionSensor;
				PRODUCT_NAME = "$(TARGET_NAME)";
				SWIFT_EMIT_LOC_STRINGS = YES;
				SWIFT_VERSION = 5.0;
				TARGETED_DEVICE_FAMILY = "1,2";
			};
			name = Debug;
		};
		047531BD2D2CAA6400F396B1 /* Release */ = {
			isa = XCBuildConfiguration;
			buildSettings = {
				ASSETCATALOG_COMPILER_APPICON_NAME = AppIcon;
				ASSETCATALOG_COMPILER_GLOBAL_ACCENT_COLOR_NAME = AccentColor;
				CODE_SIGN_STYLE = Automatic;
				CURRENT_PROJECT_VERSION = 1;
				DEVELOPMENT_ASSET_PATHS = "\"MotionSensor/Preview Content\"";
				DEVELOPMENT_TEAM = B24U63J96U;
				ENABLE_PREVIEWS = YES;
				GENERATE_INFOPLIST_FILE = YES;
				INFOPLIST_KEY_UIApplicationSceneManifest_Generation = YES;
				INFOPLIST_KEY_UIApplicationSupportsIndirectInputEvents = YES;
				INFOPLIST_KEY_UILaunchScreen_Generation = YES;
				INFOPLIST_KEY_UISupportedInterfaceOrientations_iPad = "UIInterfaceOrientationPortrait UIInterfaceOrientationPortraitUpsideDown UIInterfaceOrientationLandscapeLeft UIInterfaceOrientationLandscapeRight";
				INFOPLIST_KEY_UISupportedInterfaceOrientations_iPhone = "UIInterfaceOrientationPortrait UIInterfaceOrientationLandscapeLeft UIInterfaceOrientationLandscapeRight";
				LD_RUNPATH_SEARCH_PATHS = (
					"$(inherited)",
					"@executable_path/Frameworks",
				);
				MARKETING_VERSION = 1.0;
				PRODUCT_BUNDLE_IDENTIFIER = tech.laughterconsulting.MotionSensor;
				PRODUCT_NAME = "$(TARGET_NAME)";
				SWIFT_EMIT_LOC_STRINGS = YES;
				SWIFT_VERSION = 5.0;
				TARGETED_DEVICE_FAMILY = "1,2";
			};
			name = Release;
		};
		047531BF2D2CAA6400F396B1 /* Debug */ = {
			isa = XCBuildConfiguration;
			buildSettings = {
				BUNDLE_LOADER = "$(TEST_HOST)";
				CODE_SIGN_STYLE = Automatic;
				CURRENT_PROJECT_VERSION = 1;
				DEVELOPMENT_TEAM = B24U63J96U;
				GENERATE_INFOPLIST_FILE = YES;
				IPHONEOS_DEPLOYMENT_TARGET = 18.2;
				MARKETING_VERSION = 1.0;
				PRODUCT_BUNDLE_IDENTIFIER = tech.laughterconsulting.MotionSensorTests;
				PRODUCT_NAME = "$(TARGET_NAME)";
				SWIFT_EMIT_LOC_STRINGS = NO;
				SWIFT_VERSION = 5.0;
				TARGETED_DEVICE_FAMILY = "1,2";
				TEST_HOST = "$(BUILT_PRODUCTS_DIR)/MotionSensor.app/$(BUNDLE_EXECUTABLE_FOLDER_PATH)/MotionSensor";
			};
			name = Debug;
		};
		047531C02D2CAA6400F396B1 /* Release */ = {
			isa = XCBuildConfiguration;
			buildSettings = {
				BUNDLE_LOADER = "$(TEST_HOST)";
				CODE_SIGN_STYLE = Automatic;
				CURRENT_PROJECT_VERSION = 1;
				DEVELOPMENT_TEAM = B24U63J96U;
				GENERATE_INFOPLIST_FILE = YES;
				IPHONEOS_DEPLOYMENT_TARGET = 18.2;
				MARKETING_VERSION = 1.0;
				PRODUCT_BUNDLE_IDENTIFIER = tech.laughterconsulting.MotionSensorTests;
				PRODUCT_NAME = "$(TARGET_NAME)";
				SWIFT_EMIT_LOC_STRINGS = NO;
				SWIFT_VERSION = 5.0;
				TARGETED_DEVICE_FAMILY = "1,2";
				TEST_HOST = "$(BUILT_PRODUCTS_DIR)/MotionSensor.app/$(BUNDLE_EXECUTABLE_FOLDER_PATH)/MotionSensor";
			};
			name = Release;
		};
		047531C22D2CAA6400F396B1 /* Debug */ = {
			isa = XCBuildConfiguration;
			buildSettings = {
				CODE_SIGN_STYLE = Automatic;
				CURRENT_PROJECT_VERSION = 1;
				DEVELOPMENT_TEAM = B24U63J96U;
				GENERATE_INFOPLIST_FILE = YES;
				MARKETING_VERSION = 1.0;
				PRODUCT_BUNDLE_IDENTIFIER = tech.laughterconsulting.MotionSensorUITests;
				PRODUCT_NAME = "$(TARGET_NAME)";
				SWIFT_EMIT_LOC_STRINGS = NO;
				SWIFT_VERSION = 5.0;
				TARGETED_DEVICE_FAMILY = "1,2";
				TEST_TARGET_NAME = MotionSensor;
			};
			name = Debug;
		};
		047531C32D2CAA6400F396B1 /* Release */ = {
			isa = XCBuildConfiguration;
			buildSettings = {
				CODE_SIGN_STYLE = Automatic;
				CURRENT_PROJECT_VERSION = 1;
				DEVELOPMENT_TEAM = B24U63J96U;
				GENERATE_INFOPLIST_FILE = YES;
				MARKETING_VERSION = 1.0;
				PRODUCT_BUNDLE_IDENTIFIER = tech.laughterconsulting.MotionSensorUITests;
				PRODUCT_NAME = "$(TARGET_NAME)";
				SWIFT_EMIT_LOC_STRINGS = NO;
				SWIFT_VERSION = 5.0;
				TARGETED_DEVICE_FAMILY = "1,2";
				TEST_TARGET_NAME = MotionSensor;
			};
			name = Release;
		};
/* End XCBuildConfiguration section */

/* Begin XCConfigurationList section */
		047531922D2CAA6300F396B1 /* Build configuration list for PBXProject "MotionSensor" */ = {
			isa = XCConfigurationList;
			buildConfigurations = (
				047531B92D2CAA6400F396B1 /* Debug */,
				047531BA2D2CAA6400F396B1 /* Release */,
			);
			defaultConfigurationIsVisible = 0;
			defaultConfigurationName = Release;
		};
		047531BB2D2CAA6400F396B1 /* Build configuration list for PBXNativeTarget "MotionSensor" */ = {
			isa = XCConfigurationList;
			buildConfigurations = (
				047531BC2D2CAA6400F396B1 /* Debug */,
				047531BD2D2CAA6400F396B1 /* Release */,
			);
			defaultConfigurationIsVisible = 0;
			defaultConfigurationName = Release;
		};
		047531BE2D2CAA6400F396B1 /* Build configuration list for PBXNativeTarget "MotionSensorTests" */ = {
			isa = XCConfigurationList;
			buildConfigurations = (
				047531BF2D2CAA6400F396B1 /* Debug */,
				047531C02D2CAA6400F396B1 /* Release */,
			);
			defaultConfigurationIsVisible = 0;
			defaultConfigurationName = Release;
		};
		047531C12D2CAA6400F396B1 /* Build configuration list for PBXNativeTarget "MotionSensorUITests" */ = {
			isa = XCConfigurationList;
			buildConfigurations = (
				047531C22D2CAA6400F396B1 /* Debug */,
				047531C32D2CAA6400F396B1 /* Release */,
			);
			defaultConfigurationIsVisible = 0;
			defaultConfigurationName = Release;
		};
/* End XCConfigurationList section */
	};
	rootObject = 0475318F2D2CAA6300F396B1 /* Project object */;
}
